# THIS IS AN AUTOGENERATED FILE. DO NOT EDIT THIS FILE DIRECTLY.
# yarn lockfile v1


"@turf/bbox-polygon@^6.0.1":
  version "6.5.0"
  resolved "https://registry.yarnpkg.com/@turf/bbox-polygon/-/bbox-polygon-6.5.0.tgz#f18128b012eedfa860a521d8f2b3779cc0801032"
  integrity sha512-+/r0NyL1lOG3zKZmmf6L8ommU07HliP4dgYToMoTxqzsWzyLjaj/OzgQ8rBmv703WJX+aS6yCmLuIhYqyufyuw==
  dependencies:
    "@turf/helpers" "^6.5.0"

"@turf/bbox@^6.0.1":
  version "6.5.0"
  resolved "https://registry.yarnpkg.com/@turf/bbox/-/bbox-6.5.0.tgz#bec30a744019eae420dac9ea46fb75caa44d8dc5"
  integrity sha512-RBbLaao5hXTYyyg577iuMtDB8ehxMlUqHEJiMs8jT1GHkFhr6sYre3lmLsPeYEi/ZKj5TP5tt7fkzNdJ4GIVyw==
  dependencies:
    "@turf/helpers" "^6.5.0"
    "@turf/meta" "^6.5.0"

"@turf/helpers@^6.1.4", "@turf/helpers@^6.5.0":
  version "6.5.0"
  resolved "https://registry.yarnpkg.com/@turf/helpers/-/helpers-6.5.0.tgz#f79af094bd6b8ce7ed2bd3e089a8493ee6cae82e"
  integrity sha512-VbI1dV5bLFzohYYdgqwikdMVpe7pJ9X3E+dlr425wa2/sMJqYDhTO++ec38/pcPvPE6oD9WEEeU3Xu3gza+VPw==

"@turf/meta@^6.5.0":
  version "6.5.0"
  resolved "https://registry.yarnpkg.com/@turf/meta/-/meta-6.5.0.tgz#b725c3653c9f432133eaa04d3421f7e51e0418ca"
  integrity sha512-RrArvtsV0vdsCBegoBtOalgdSOfkBrTJ07VkpiCnq/491W67hnMWmDu7e6Ztw0C3WldRYTXkg3SumfdzZxLBHA==
  dependencies:
    "@turf/helpers" "^6.5.0"

bindings@^1.5.0:
  version "1.5.0"
  resolved "https://registry.yarnpkg.com/bindings/-/bindings-1.5.0.tgz#10353c9e945334bc0511a6d90b38fbc7c9c504df"
  integrity sha512-p2q/t/mhvuOj/UeLlV6566GD/guowlr0hHxClI0W9m7MWYkL1F0hLo+0Aexs9HSPCtR1SXQ0TD3MMKrXZajbiQ==
  dependencies:
    file-uri-to-path "1.0.0"

file-uri-to-path@1.0.0:
  version "1.0.0"
  resolved "https://registry.yarnpkg.com/file-uri-to-path/-/file-uri-to-path-1.0.0.tgz#553a7b8446ff6f684359c445f1e37a05dacc33dd"
  integrity sha512-0Zt+s3L7Vf1biwWZ29aARiVYLx7iMGnEUl9x33fbB/j3jR81u/O2LbqK+Bm1CDSNDKVtJ/YjwY7TUd5SkeLQLw==

id-area-keys@^2.17.3:
  version "2.19.5"
  resolved "https://registry.yarnpkg.com/id-area-keys/-/id-area-keys-2.19.5.tgz#22163b75ae9b955b2575c0138741b1ce2bb5ee17"
  integrity sha512-0nyxKTlBuO6n/a5Hpe3o4yTlOYxBDMJsqapDcUq7aUxX2DBYkCU59k0uTjyA4rPdDg5gHnfk8G5TgofY5QkeaQ==

minimist@^1.2.0:
  version "1.2.8"
  resolved "https://registry.yarnpkg.com/minimist/-/minimist-1.2.8.tgz#c1a464e7693302e082a075cee0c057741ac4772c"
  integrity sha512-2yyAR8qBkN3YuheJanUpWC5U3bb5osDywNB8RzDVlDwDHbocAJveqqj1u8+SVD7jkWT4yvsHCpWqqWqAxb0zCA==

nan@^2.13.2:
  version "2.17.0"
  resolved "https://registry.yarnpkg.com/nan/-/nan-2.17.0.tgz#c0150a2368a182f033e9aa5195ec76ea41a199cb"
  integrity sha512-2ZTgtl0nJsO0KQCjEpxcIr5D+Yv90plTitZt9JBfQvVJDS5seMl3FOvsh3+9CoYWXf/1l5OaZzzF6nDm4cagaQ==

node-expat@^2.3.15:
  version "2.4.0"
  resolved "https://registry.yarnpkg.com/node-expat/-/node-expat-2.4.0.tgz#0d51626808b5912cf990b24b41244cfea14ee96b"
  integrity sha512-X8Y/Zk/izfNgfayeOeUGqze7KlaOwVJ9SDTjHUMKd0hu0aFTRpLlLCBwmx79cTPiQWD24I1YOafF+U+rTvEMfQ==
  dependencies:
    bindings "^1.5.0"
    nan "^2.13.2"

osm-adiff-parser@^1.1.0:
  version "1.1.0"
  resolved "https://registry.yarnpkg.com/osm-adiff-parser/-/osm-adiff-parser-1.1.0.tgz#36420ef38193a616aede3f77aa97e814d0397121"
  integrity sha512-3PVJBucU8rgwcdzI/QKkdLABPf8GCaE/vnfjbzLQ56DMrfgq/2nXgXq9D/rDeODTZgTCswy5i1ppS3zVoe3SPQ==
  dependencies:
    minimist "^1.2.0"
    node-expat "^2.3.15"
    ramda "^0.23.0"

ramda@^0.23.0:
  version "0.23.0"
  resolved "https://registry.yarnpkg.com/ramda/-/ramda-0.23.0.tgz#ccd13fff73497a93974e3e86327bfd87bd6e8e2b"
  integrity sha512-ZEg7VlLXEeDfdkmqGi/12/2n8vNlxdx3iU74GbEP6VN2Udx4jLTn6Fw0jU4sjmvaPKjrIZIYk8HBj7quaie97Q==

ramda@^0.27.1:
  version "0.27.2"
  resolved "https://registry.yarnpkg.com/ramda/-/ramda-0.27.2.tgz#84463226f7f36dc33592f6f4ed6374c48306c3f1"
  integrity sha512-SbiLPU40JuJniHexQSAgad32hfwd+DRUdwF2PlVuI5RZD0/vahUco7R8vD86J/tcEKKF9vZrUVwgtmGCqlCKyA==

"real-changesets-parser@https://github.com/developmentseed/real-changesets-parser.git":
  version "1.3.1"
  resolved "https://github.com/developmentseed/real-changesets-parser.git#ac929ad8041cd3707fb6f989c0d217b1959fc528"
  dependencies:
    "@turf/bbox" "^6.0.1"
    "@turf/bbox-polygon" "^6.0.1"
    "@turf/helpers" "^6.1.4"
    id-area-keys "^2.17.3"
    ramda "^0.27.1"
